
Microsoft Visual Studio Solution File, Format Version 12.00
# Visual Studio Version 16
VisualStudioVersion = 16.0.30114.105
MinimumVisualStudioVersion = 10.0.40219.1
Project("{FAE04EC0-301F-11D3-BF4B-00C04F79EFBC}") = "R5T.T0100", "R5T.T0100\R5T.T0100.csproj", "{2542F0BE-4379-4143-86A7-B6FEFB763934}"
EndProject
Project("{FAE04EC0-301F-11D3-BF4B-00C04F79EFBC}") = "R5T.T0100.Construction", "R5T.T0100.Construction\R5T.T0100.Construction.csproj", "{3DD88388-D499-4BA8-9BA0-5FB5E60AF497}"
EndProject
Project("{FAE04EC0-301F-11D3-BF4B-00C04F79EFBC}") = "R5T.T0100.X002", "R5T.T0100.X002\R5T.T0100.X002.csproj", "{D4542116-D0F7-4E55-9448-14E96752250D}"
EndProject
Global
	GlobalSection(SolutionConfigurationPlatforms) = preSolution
		Debug|Any CPU = Debug|Any CPU
		Debug|x64 = Debug|x64
		Debug|x86 = Debug|x86
		Release|Any CPU = Release|Any CPU
		Release|x64 = Release|x64
		Release|x86 = Release|x86
	EndGlobalSection
	GlobalSection(SolutionProperties) = preSolution
		HideSolutionNode = FALSE
	EndGlobalSection
	GlobalSection(ProjectConfigurationPlatforms) = postSolution
		{2542F0BE-4379-4143-86A7-B6FEFB763934}.Debug|Any CPU.ActiveCfg = Debug|Any CPU
		{2542F0BE-4379-4143-86A7-B6FEFB763934}.Debug|Any CPU.Build.0 = Debug|Any CPU
		{2542F0BE-4379-4143-86A7-B6FEFB763934}.Debug|x64.ActiveCfg = Debug|Any CPU
		{2542F0BE-4379-4143-86A7-B6FEFB763934}.Debug|x64.Build.0 = Debug|Any CPU
		{2542F0BE-4379-4143-86A7-B6FEFB763934}.Debug|x86.ActiveCfg = Debug|Any CPU
		{2542F0BE-4379-4143-86A7-B6FEFB763934}.Debug|x86.Build.0 = Debug|Any CPU
		{2542F0BE-4379-4143-86A7-B6FEFB763934}.Release|Any CPU.ActiveCfg = Release|Any CPU
		{2542F0BE-4379-4143-86A7-B6FEFB763934}.Release|Any CPU.Build.0 = Release|Any CPU
		{2542F0BE-4379-4143-86A7-B6FEFB763934}.Release|x64.ActiveCfg = Release|Any CPU
		{2542F0BE-4379-4143-86A7-B6FEFB763934}.Release|x64.Build.0 = Release|Any CPU
		{2542F0BE-4379-4143-86A7-B6FEFB763934}.Release|x86.ActiveCfg = Release|Any CPU
		{2542F0BE-4379-4143-86A7-B6FEFB763934}.Release|x86.Build.0 = Release|Any CPU
		{3DD88388-D499-4BA8-9BA0-5FB5E60AF497}.Debug|Any CPU.ActiveCfg = Debug|Any CPU
		{3DD88388-D499-4BA8-9BA0-5FB5E60AF497}.Debug|Any CPU.Build.0 = Debug|Any CPU
		{3DD88388-D499-4BA8-9BA0-5FB5E60AF497}.Debug|x64.ActiveCfg = Debug|Any CPU
		{3DD88388-D499-4BA8-9BA0-5FB5E60AF497}.Debug|x64.Build.0 = Debug|Any CPU
		{3DD88388-D499-4BA8-9BA0-5FB5E60AF497}.Debug|x86.ActiveCfg = Debug|Any CPU
		{3DD88388-D499-4BA8-9BA0-5FB5E60AF497}.Debug|x86.Build.0 = Debug|Any CPU
		{3DD88388-D499-4BA8-9BA0-5FB5E60AF497}.Release|Any CPU.ActiveCfg = Release|Any CPU
		{3DD88388-D499-4BA8-9BA0-5FB5E60AF497}.Release|Any CPU.Build.0 = Release|Any CPU
		{3DD88388-D499-4BA8-9BA0-5FB5E60AF497}.Release|x64.ActiveCfg = Release|Any CPU
		{3DD88388-D499-4BA8-9BA0-5FB5E60AF497}.Release|x64.Build.0 = Release|Any CPU
		{3DD88388-D499-4BA8-9BA0-5FB5E60AF497}.Release|x86.ActiveCfg = Release|Any CPU
		{3DD88388-D499-4BA8-9BA0-5FB5E60AF497}.Release|x86.Build.0 = Release|Any CPU
		{D4542116-D0F7-4E55-9448-14E96752250D}.Debug|Any CPU.ActiveCfg = Debug|Any CPU
		{D4542116-D0F7-4E55-9448-14E96752250D}.Debug|Any CPU.Build.0 = Debug|Any CPU
		{D4542116-D0F7-4E55-9448-14E96752250D}.Debug|x64.ActiveCfg = Debug|Any CPU
		{D4542116-D0F7-4E55-9448-14E96752250D}.Debug|x64.Build.0 = Debug|Any CPU
		{D4542116-D0F7-4E55-9448-14E96752250D}.Debug|x86.ActiveCfg = Debug|Any CPU
		{D4542116-D0F7-4E55-9448-14E96752250D}.Debug|x86.Build.0 = Debug|Any CPU
		{D4542116-D0F7-4E55-9448-14E96752250D}.Release|Any CPU.ActiveCfg = Release|Any CPU
		{D4542116-D0F7-4E55-9448-14E96752250D}.Release|Any CPU.Build.0 = Release|Any CPU
		{D4542116-D0F7-4E55-9448-14E96752250D}.Release|x64.ActiveCfg = Release|Any CPU
		{D4542116-D0F7-4E55-9448-14E96752250D}.Release|x64.Build.0 = Release|Any CPU
		{D4542116-D0F7-4E55-9448-14E96752250D}.Release|x86.ActiveCfg = Release|Any CPU
		{D4542116-D0F7-4E55-9448-14E96752250D}.Release|x86.Build.0 = Release|Any CPU
	EndGlobalSection
EndGlobal
